
Microsoft Visual Studio Solution File, Format Version 12.00
# Visual Studio Version 17
VisualStudioVersion = 17.4.33122.133
MinimumVisualStudioVersion = 10.0.40219.1
Project("{2150E333-8FDC-42A3-9474-1A3956D46DE8}") = "1.InterfazUsuario", "1.InterfazUsuario", "{82BFB7D1-F1F7-41D3-9472-7C083640ADCC}"
EndProject
Project("{2150E333-8FDC-42A3-9474-1A3956D46DE8}") = "2.Aplicacion", "2.Aplicacion", "{E0DAAC84-D0E0-458C-9152-3320BA61A685}"
EndProject
Project("{2150E333-8FDC-42A3-9474-1A3956D46DE8}") = "3.Dominio", "3.Dominio", "{F8ACAECA-46F6-4E23-99E9-878965942BDF}"
EndProject
Project("{2150E333-8FDC-42A3-9474-1A3956D46DE8}") = "4.Infraestructura", "4.Infraestructura", "{C25F0706-AADD-4E43-8338-6A30A1648F01}"
EndProject
Project("{FAE04EC0-301F-11D3-BF4B-00C04F79EFBC}") = "Infra.CrossCutting", "Infra.CrossCutting\Infra.CrossCutting.csproj", "{9A8B3022-388E-43E9-8AFF-C040FC7E486A}"
EndProject
Project("{FAE04EC0-301F-11D3-BF4B-00C04F79EFBC}") = "Infra.DataAccess", "Infra.DataAccess\Infra.DataAccess.csproj", "{967D5CEA-722A-4CCB-8E55-579585DBAB9A}"
EndProject
Project("{FAE04EC0-301F-11D3-BF4B-00C04F79EFBC}") = "Infra.EmailService", "Infra.EmailService\Infra.EmailService.csproj", "{6BF55001-EC9E-4FD7-902D-A4B3978AA4C0}"
EndProject
Project("{FAE04EC0-301F-11D3-BF4B-00C04F79EFBC}") = "Infra.ExternalServices", "Infra.ExternalServices\Infra.ExternalServices.csproj", "{0AD0885A-D7C8-422D-A53D-7607887C3777}"
EndProject
Project("{FAE04EC0-301F-11D3-BF4B-00C04F79EFBC}") = "Dominio.Model", "Dominio.Model\Dominio.Model.csproj", "{3A7DC1AD-A1E1-4745-B751-926A93E08DFA}"
EndProject
Project("{FAE04EC0-301F-11D3-BF4B-00C04F79EFBC}") = "Dominio.Services", "Dominio.Services\Dominio.Services.csproj", "{F1D5402F-9DC4-4F5F-96F7-BB581E795C3C}"
EndProject
Project("{FAE04EC0-301F-11D3-BF4B-00C04F79EFBC}") = "Aplication.DTO", "Aplication.DTO\Aplication.DTO.csproj", "{27950208-5DCD-4105-B187-569DF08299A7}"
EndProject
Project("{FAE04EC0-301F-11D3-BF4B-00C04F79EFBC}") = "Aplication", "Aplication\Aplication.csproj", "{6A31A317-2AF6-4A02-9387-0402E2D7E195}"
EndProject
Project("{FAE04EC0-301F-11D3-BF4B-00C04F79EFBC}") = "UI.Windows", "UI.Windows\UI.Windows.csproj", "{659FAF50-0F68-424D-8DBF-5C3E61547FBB}"
EndProject
Global
	GlobalSection(SolutionConfigurationPlatforms) = preSolution
		Debug|Any CPU = Debug|Any CPU
		Release|Any CPU = Release|Any CPU
	EndGlobalSection
	GlobalSection(ProjectConfigurationPlatforms) = postSolution
		{9A8B3022-388E-43E9-8AFF-C040FC7E486A}.Debug|Any CPU.ActiveCfg = Debug|Any CPU
		{9A8B3022-388E-43E9-8AFF-C040FC7E486A}.Debug|Any CPU.Build.0 = Debug|Any CPU
		{9A8B3022-388E-43E9-8AFF-C040FC7E486A}.Release|Any CPU.ActiveCfg = Release|Any CPU
		{9A8B3022-388E-43E9-8AFF-C040FC7E486A}.Release|Any CPU.Build.0 = Release|Any CPU
		{967D5CEA-722A-4CCB-8E55-579585DBAB9A}.Debug|Any CPU.ActiveCfg = Debug|Any CPU
		{967D5CEA-722A-4CCB-8E55-579585DBAB9A}.Debug|Any CPU.Build.0 = Debug|Any CPU
		{967D5CEA-722A-4CCB-8E55-579585DBAB9A}.Release|Any CPU.ActiveCfg = Release|Any CPU
		{967D5CEA-722A-4CCB-8E55-579585DBAB9A}.Release|Any CPU.Build.0 = Release|Any CPU
		{6BF55001-EC9E-4FD7-902D-A4B3978AA4C0}.Debug|Any CPU.ActiveCfg = Debug|Any CPU
		{6BF55001-EC9E-4FD7-902D-A4B3978AA4C0}.Debug|Any CPU.Build.0 = Debug|Any CPU
		{6BF55001-EC9E-4FD7-902D-A4B3978AA4C0}.Release|Any CPU.ActiveCfg = Release|Any CPU
		{6BF55001-EC9E-4FD7-902D-A4B3978AA4C0}.Release|Any CPU.Build.0 = Release|Any CPU
		{0AD0885A-D7C8-422D-A53D-7607887C3777}.Debug|Any CPU.ActiveCfg = Debug|Any CPU
		{0AD0885A-D7C8-422D-A53D-7607887C3777}.Debug|Any CPU.Build.0 = Debug|Any CPU
		{0AD0885A-D7C8-422D-A53D-7607887C3777}.Release|Any CPU.ActiveCfg = Release|Any CPU
		{0AD0885A-D7C8-422D-A53D-7607887C3777}.Release|Any CPU.Build.0 = Release|Any CPU
		{3A7DC1AD-A1E1-4745-B751-926A93E08DFA}.Debug|Any CPU.ActiveCfg = Debug|Any CPU
		{3A7DC1AD-A1E1-4745-B751-926A93E08DFA}.Debug|Any CPU.Build.0 = Debug|Any CPU
		{3A7DC1AD-A1E1-4745-B751-926A93E08DFA}.Release|Any CPU.ActiveCfg = Release|Any CPU
		{3A7DC1AD-A1E1-4745-B751-926A93E08DFA}.Release|Any CPU.Build.0 = Release|Any CPU
		{F1D5402F-9DC4-4F5F-96F7-BB581E795C3C}.Debug|Any CPU.ActiveCfg = Debug|Any CPU
		{F1D5402F-9DC4-4F5F-96F7-BB581E795C3C}.Debug|Any CPU.Build.0 = Debug|Any CPU
		{F1D5402F-9DC4-4F5F-96F7-BB581E795C3C}.Release|Any CPU.ActiveCfg = Release|Any CPU
		{F1D5402F-9DC4-4F5F-96F7-BB581E795C3C}.Release|Any CPU.Build.0 = Release|Any CPU
		{27950208-5DCD-4105-B187-569DF08299A7}.Debug|Any CPU.ActiveCfg = Debug|Any CPU
		{27950208-5DCD-4105-B187-569DF08299A7}.Debug|Any CPU.Build.0 = Debug|Any CPU
		{27950208-5DCD-4105-B187-569DF08299A7}.Release|Any CPU.ActiveCfg = Release|Any CPU
		{27950208-5DCD-4105-B187-569DF08299A7}.Release|Any CPU.Build.0 = Release|Any CPU
		{6A31A317-2AF6-4A02-9387-0402E2D7E195}.Debug|Any CPU.ActiveCfg = Debug|Any CPU
		{6A31A317-2AF6-4A02-9387-0402E2D7E195}.Debug|Any CPU.Build.0 = Debug|Any CPU
		{6A31A317-2AF6-4A02-9387-0402E2D7E195}.Release|Any CPU.ActiveCfg = Release|Any CPU
		{6A31A317-2AF6-4A02-9387-0402E2D7E195}.Release|Any CPU.Build.0 = Release|Any CPU
		{659FAF50-0F68-424D-8DBF-5C3E61547FBB}.Debug|Any CPU.ActiveCfg = Debug|Any CPU
		{659FAF50-0F68-424D-8DBF-5C3E61547FBB}.Debug|Any CPU.Build.0 = Debug|Any CPU
		{659FAF50-0F68-424D-8DBF-5C3E61547FBB}.Release|Any CPU.ActiveCfg = Release|Any CPU
		{659FAF50-0F68-424D-8DBF-5C3E61547FBB}.Release|Any CPU.Build.0 = Release|Any CPU
	EndGlobalSection
	GlobalSection(SolutionProperties) = preSolution
		HideSolutionNode = FALSE
	EndGlobalSection
	GlobalSection(NestedProjects) = preSolution
		{9A8B3022-388E-43E9-8AFF-C040FC7E486A} = {C25F0706-AADD-4E43-8338-6A30A1648F01}
		{967D5CEA-722A-4CCB-8E55-579585DBAB9A} = {C25F0706-AADD-4E43-8338-6A30A1648F01}
		{6BF55001-EC9E-4FD7-902D-A4B3978AA4C0} = {C25F0706-AADD-4E43-8338-6A30A1648F01}
		{0AD0885A-D7C8-422D-A53D-7607887C3777} = {C25F0706-AADD-4E43-8338-6A30A1648F01}
		{3A7DC1AD-A1E1-4745-B751-926A93E08DFA} = {F8ACAECA-46F6-4E23-99E9-878965942BDF}
		{F1D5402F-9DC4-4F5F-96F7-BB581E795C3C} = {F8ACAECA-46F6-4E23-99E9-878965942BDF}
		{27950208-5DCD-4105-B187-569DF08299A7} = {E0DAAC84-D0E0-458C-9152-3320BA61A685}
		{6A31A317-2AF6-4A02-9387-0402E2D7E195} = {E0DAAC84-D0E0-458C-9152-3320BA61A685}
		{659FAF50-0F68-424D-8DBF-5C3E61547FBB} = {82BFB7D1-F1F7-41D3-9472-7C083640ADCC}
	EndGlobalSection
	GlobalSection(ExtensibilityGlobals) = postSolution
		SolutionGuid = {DA6826FE-4E5B-49C3-9B4B-187A0227C2A9}
	EndGlobalSection
EndGlobal
